
Microsoft Visual Studio Solution File, Format Version 12.00
# Visual Studio Version 17
VisualStudioVersion = 17.14.36623.8 d17.14
MinimumVisualStudioVersion = 10.0.40219.1
Project("{FAE04EC0-301F-11D3-BF4B-00C04F79EFBC}") = "open_health_desktop", "open_health_desktop\open_health_desktop.csproj", "{15CF2BB4-D8C2-46E1-9B13-584838111435}"
EndProject
Global
	GlobalSection(SolutionConfigurationPlatforms) = preSolution
		Debug|Any CPU = Debug|Any CPU
		Release|Any CPU = Release|Any CPU
	EndGlobalSection
	GlobalSection(ProjectConfigurationPlatforms) = postSolution
		{15CF2BB4-D8C2-46E1-9B13-584838111435}.Debug|Any CPU.ActiveCfg = Debug|Any CPU
		{15CF2BB4-D8C2-46E1-9B13-584838111435}.Debug|Any CPU.Build.0 = Debug|Any CPU
		{15CF2BB4-D8C2-46E1-9B13-584838111435}.Release|Any CPU.ActiveCfg = Release|Any CPU
		{15CF2BB4-D8C2-46E1-9B13-584838111435}.Release|Any CPU.Build.0 = Release|Any CPU
	EndGlobalSection
	GlobalSection(SolutionProperties) = preSolution
		HideSolutionNode = FALSE
	EndGlobalSection
	GlobalSection(ExtensibilityGlobals) = postSolution
		SolutionGuid = {A7A167B6-DBBD-48D5-AE58-70CF1AD16FE1}
	EndGlobalSection
EndGlobal
